
Microsoft Visual Studio Solution File, Format Version 12.00
# Visual Studio 15
VisualStudioVersion = 15.0.28010.2003
MinimumVisualStudioVersion = 10.0.40219.1
Project("{FAE04EC0-301F-11D3-BF4B-00C04F79EFBC}") = "Figure", "Figure\Figure.csproj", "{829BC8BF-7955-4DFC-B647-D70F1BCAC3E8}"
EndProject
Project("{FAE04EC0-301F-11D3-BF4B-00C04F79EFBC}") = "FigureUnitTests", "FigureUnitTests\FigureUnitTests.csproj", "{6D983A99-2455-4A89-ACAE-BA553BF13716}"
EndProject
Global
	GlobalSection(SolutionConfigurationPlatforms) = preSolution
		Debug|Any CPU = Debug|Any CPU
		Release|Any CPU = Release|Any CPU
	EndGlobalSection
	GlobalSection(ProjectConfigurationPlatforms) = postSolution
		{829BC8BF-7955-4DFC-B647-D70F1BCAC3E8}.Debug|Any CPU.ActiveCfg = Debug|Any CPU
		{829BC8BF-7955-4DFC-B647-D70F1BCAC3E8}.Debug|Any CPU.Build.0 = Debug|Any CPU
		{829BC8BF-7955-4DFC-B647-D70F1BCAC3E8}.Release|Any CPU.ActiveCfg = Release|Any CPU
		{829BC8BF-7955-4DFC-B647-D70F1BCAC3E8}.Release|Any CPU.Build.0 = Release|Any CPU
		{6D983A99-2455-4A89-ACAE-BA553BF13716}.Debug|Any CPU.ActiveCfg = Debug|Any CPU
		{6D983A99-2455-4A89-ACAE-BA553BF13716}.Debug|Any CPU.Build.0 = Debug|Any CPU
		{6D983A99-2455-4A89-ACAE-BA553BF13716}.Release|Any CPU.ActiveCfg = Release|Any CPU
		{6D983A99-2455-4A89-ACAE-BA553BF13716}.Release|Any CPU.Build.0 = Release|Any CPU
	EndGlobalSection
	GlobalSection(SolutionProperties) = preSolution
		HideSolutionNode = FALSE
	EndGlobalSection
	GlobalSection(ExtensibilityGlobals) = postSolution
		SolutionGuid = {60868405-38BA-4FF3-BFB8-94350B899BC5}
	EndGlobalSection
EndGlobal
